
Microsoft Visual Studio Solution File, Format Version 12.00
# Visual Studio 14
VisualStudioVersion = 14.0.24720.0
MinimumVisualStudioVersion = 10.0.40219.1
Project("{8BC9CEB8-8B4A-11D0-8D11-00A0C91BC942}") = "WinAPI_160905_Exam", "WinAPI_160905_Exam\WinAPI_160905_Exam.vcxproj", "{A1660FA7-1F49-42B4-B9B9-A6AF2783F0C1}"
EndProject
Project("{8BC9CEB8-8B4A-11D0-8D11-00A0C91BC942}") = "WinAPI_160905_Exam2_Mouse", "WinAPI_160905_Exam2_Mouse\WinAPI_160905_Exam2_Mouse.vcxproj", "{ABB4A50E-F09F-4485-B1F7-59ADE53956E8}"
EndProject
Project("{8BC9CEB8-8B4A-11D0-8D11-00A0C91BC942}") = "WinAPI_160905_EXAM2_TimerText", "WinAPI_160905_EXAM_TimerText\WinAPI_160905_EXAM_TimerText.vcxproj", "{EABC23CB-BAE4-4E43-BCDB-4F00D937E8DF}"
EndProject
Project("{8BC9CEB8-8B4A-11D0-8D11-00A0C91BC942}") = "WinAPI_160905_EXAM2_TimerText2", "WinAPI_160905_EXAM2_TimerText2\WinAPI_160905_EXAM2_TimerText2.vcxproj", "{BE4AFB2E-177C-472F-AD8A-330BB2FD0874}"
EndProject
Project("{8BC9CEB8-8B4A-11D0-8D11-00A0C91BC942}") = "WinAPI_160905_RopMode2", "WinAPI_160905_RopMode2\WinAPI_160905_RopMode2.vcxproj", "{8C255C59-8858-40D0-B695-ABF6A82188E2}"
EndProject
Project("{8BC9CEB8-8B4A-11D0-8D11-00A0C91BC942}") = "WinAPI_160908_SimplePaint1", "SimplePaint\SimplePaint.vcxproj", "{E90D5351-2442-4826-824A-71CA1FC222E1}"
EndProject
Project("{8BC9CEB8-8B4A-11D0-8D11-00A0C91BC942}") = "WinAPI_160908_SimplePaint2", "WinAPI_160908_SimplePaint2\WinAPI_160908_SimplePaint2.vcxproj", "{8864C8F6-2BF7-444D-BDFA-3581690DD42B}"
EndProject
Global
	GlobalSection(SolutionConfigurationPlatforms) = preSolution
		Debug|x64 = Debug|x64
		Debug|x86 = Debug|x86
		Release|x64 = Release|x64
		Release|x86 = Release|x86
	EndGlobalSection
	GlobalSection(ProjectConfigurationPlatforms) = postSolution
		{A1660FA7-1F49-42B4-B9B9-A6AF2783F0C1}.Debug|x64.ActiveCfg = Debug|x64
		{A1660FA7-1F49-42B4-B9B9-A6AF2783F0C1}.Debug|x64.Build.0 = Debug|x64
		{A1660FA7-1F49-42B4-B9B9-A6AF2783F0C1}.Debug|x86.ActiveCfg = Debug|Win32
		{A1660FA7-1F49-42B4-B9B9-A6AF2783F0C1}.Debug|x86.Build.0 = Debug|Win32
		{A1660FA7-1F49-42B4-B9B9-A6AF2783F0C1}.Release|x64.ActiveCfg = Release|x64
		{A1660FA7-1F49-42B4-B9B9-A6AF2783F0C1}.Release|x64.Build.0 = Release|x64
		{A1660FA7-1F49-42B4-B9B9-A6AF2783F0C1}.Release|x86.ActiveCfg = Release|Win32
		{A1660FA7-1F49-42B4-B9B9-A6AF2783F0C1}.Release|x86.Build.0 = Release|Win32
		{ABB4A50E-F09F-4485-B1F7-59ADE53956E8}.Debug|x64.ActiveCfg = Debug|x64
		{ABB4A50E-F09F-4485-B1F7-59ADE53956E8}.Debug|x64.Build.0 = Debug|x64
		{ABB4A50E-F09F-4485-B1F7-59ADE53956E8}.Debug|x86.ActiveCfg = Debug|Win32
		{ABB4A50E-F09F-4485-B1F7-59ADE53956E8}.Debug|x86.Build.0 = Debug|Win32
		{ABB4A50E-F09F-4485-B1F7-59ADE53956E8}.Release|x64.ActiveCfg = Release|x64
		{ABB4A50E-F09F-4485-B1F7-59ADE53956E8}.Release|x64.Build.0 = Release|x64
		{ABB4A50E-F09F-4485-B1F7-59ADE53956E8}.Release|x86.ActiveCfg = Release|Win32
		{ABB4A50E-F09F-4485-B1F7-59ADE53956E8}.Release|x86.Build.0 = Release|Win32
		{EABC23CB-BAE4-4E43-BCDB-4F00D937E8DF}.Debug|x64.ActiveCfg = Debug|x64
		{EABC23CB-BAE4-4E43-BCDB-4F00D937E8DF}.Debug|x64.Build.0 = Debug|x64
		{EABC23CB-BAE4-4E43-BCDB-4F00D937E8DF}.Debug|x86.ActiveCfg = Debug|Win32
		{EABC23CB-BAE4-4E43-BCDB-4F00D937E8DF}.Debug|x86.Build.0 = Debug|Win32
		{EABC23CB-BAE4-4E43-BCDB-4F00D937E8DF}.Release|x64.ActiveCfg = Release|x64
		{EABC23CB-BAE4-4E43-BCDB-4F00D937E8DF}.Release|x64.Build.0 = Release|x64
		{EABC23CB-BAE4-4E43-BCDB-4F00D937E8DF}.Release|x86.ActiveCfg = Release|Win32
		{EABC23CB-BAE4-4E43-BCDB-4F00D937E8DF}.Release|x86.Build.0 = Release|Win32
		{BE4AFB2E-177C-472F-AD8A-330BB2FD0874}.Debug|x64.ActiveCfg = Debug|x64
		{BE4AFB2E-177C-472F-AD8A-330BB2FD0874}.Debug|x64.Build.0 = Debug|x64
		{BE4AFB2E-177C-472F-AD8A-330BB2FD0874}.Debug|x86.ActiveCfg = Debug|Win32
		{BE4AFB2E-177C-472F-AD8A-330BB2FD0874}.Debug|x86.Build.0 = Debug|Win32
		{BE4AFB2E-177C-472F-AD8A-330BB2FD0874}.Release|x64.ActiveCfg = Release|x64
		{BE4AFB2E-177C-472F-AD8A-330BB2FD0874}.Release|x64.Build.0 = Release|x64
		{BE4AFB2E-177C-472F-AD8A-330BB2FD0874}.Release|x86.ActiveCfg = Release|Win32
		{BE4AFB2E-177C-472F-AD8A-330BB2FD0874}.Release|x86.Build.0 = Release|Win32
		{8C255C59-8858-40D0-B695-ABF6A82188E2}.Debug|x64.ActiveCfg = Debug|x64
		{8C255C59-8858-40D0-B695-ABF6A82188E2}.Debug|x64.Build.0 = Debug|x64
		{8C255C59-8858-40D0-B695-ABF6A82188E2}.Debug|x86.ActiveCfg = Debug|Win32
		{8C255C59-8858-40D0-B695-ABF6A82188E2}.Debug|x86.Build.0 = Debug|Win32
		{8C255C59-8858-40D0-B695-ABF6A82188E2}.Release|x64.ActiveCfg = Release|x64
		{8C255C59-8858-40D0-B695-ABF6A82188E2}.Release|x64.Build.0 = Release|x64
		{8C255C59-8858-40D0-B695-ABF6A82188E2}.Release|x86.ActiveCfg = Release|Win32
		{8C255C59-8858-40D0-B695-ABF6A82188E2}.Release|x86.Build.0 = Release|Win32
		{E90D5351-2442-4826-824A-71CA1FC222E1}.Debug|x64.ActiveCfg = Debug|x64
		{E90D5351-2442-4826-824A-71CA1FC222E1}.Debug|x64.Build.0 = Debug|x64
		{E90D5351-2442-4826-824A-71CA1FC222E1}.Debug|x86.ActiveCfg = Debug|Win32
		{E90D5351-2442-4826-824A-71CA1FC222E1}.Debug|x86.Build.0 = Debug|Win32
		{E90D5351-2442-4826-824A-71CA1FC222E1}.Release|x64.ActiveCfg = Release|x64
		{E90D5351-2442-4826-824A-71CA1FC222E1}.Release|x64.Build.0 = Release|x64
		{E90D5351-2442-4826-824A-71CA1FC222E1}.Release|x86.ActiveCfg = Release|Win32
		{E90D5351-2442-4826-824A-71CA1FC222E1}.Release|x86.Build.0 = Release|Win32
		{8864C8F6-2BF7-444D-BDFA-3581690DD42B}.Debug|x64.ActiveCfg = Debug|x64
		{8864C8F6-2BF7-444D-BDFA-3581690DD42B}.Debug|x64.Build.0 = Debug|x64
		{8864C8F6-2BF7-444D-BDFA-3581690DD42B}.Debug|x86.ActiveCfg = Debug|Win32
		{8864C8F6-2BF7-444D-BDFA-3581690DD42B}.Debug|x86.Build.0 = Debug|Win32
		{8864C8F6-2BF7-444D-BDFA-3581690DD42B}.Release|x64.ActiveCfg = Release|x64
		{8864C8F6-2BF7-444D-BDFA-3581690DD42B}.Release|x64.Build.0 = Release|x64
		{8864C8F6-2BF7-444D-BDFA-3581690DD42B}.Release|x86.ActiveCfg = Release|Win32
		{8864C8F6-2BF7-444D-BDFA-3581690DD42B}.Release|x86.Build.0 = Release|Win32
	EndGlobalSection
	GlobalSection(SolutionProperties) = preSolution
		HideSolutionNode = FALSE
	EndGlobalSection
EndGlobal
